
Microsoft Visual Studio Solution File, Format Version 12.00
# Visual Studio Version 17
VisualStudioVersion = 17.0.31903.59
MinimumVisualStudioVersion = 10.0.40219.1
Project("{9A19103F-16F7-4668-BE54-9A1E7A4F7556}") = "DevBBQ.API", "DevBBQ.API\DevBBQ.API.csproj", "{023370A0-122D-45FF-81E4-CFD3DB16CE2B}"
EndProject
Project("{9A19103F-16F7-4668-BE54-9A1E7A4F7556}") = "DevBBQ.Application", "DevBBQ.Application\DevBBQ.Application.csproj", "{06CB5A3E-A512-4985-B0EB-8C75968C932B}"
EndProject
Project("{9A19103F-16F7-4668-BE54-9A1E7A4F7556}") = "DevBBQ.Core", "DevBBQ.Core\DevBBQ.Core.csproj", "{182EA2B9-BFD3-431A-AC84-A506B39B07C8}"
EndProject
Project("{9A19103F-16F7-4668-BE54-9A1E7A4F7556}") = "DevBBQ.Infrastructure", "DevBBQ.Infrastructure\DevBBQ.Infrastructure.csproj", "{5B5462DD-5E04-45F4-855E-03A419E604B3}"
EndProject
Global
	GlobalSection(SolutionConfigurationPlatforms) = preSolution
		Debug|Any CPU = Debug|Any CPU
		Release|Any CPU = Release|Any CPU
	EndGlobalSection
	GlobalSection(ProjectConfigurationPlatforms) = postSolution
		{023370A0-122D-45FF-81E4-CFD3DB16CE2B}.Debug|Any CPU.ActiveCfg = Debug|Any CPU
		{023370A0-122D-45FF-81E4-CFD3DB16CE2B}.Debug|Any CPU.Build.0 = Debug|Any CPU
		{023370A0-122D-45FF-81E4-CFD3DB16CE2B}.Release|Any CPU.ActiveCfg = Release|Any CPU
		{023370A0-122D-45FF-81E4-CFD3DB16CE2B}.Release|Any CPU.Build.0 = Release|Any CPU
		{06CB5A3E-A512-4985-B0EB-8C75968C932B}.Debug|Any CPU.ActiveCfg = Debug|Any CPU
		{06CB5A3E-A512-4985-B0EB-8C75968C932B}.Debug|Any CPU.Build.0 = Debug|Any CPU
		{06CB5A3E-A512-4985-B0EB-8C75968C932B}.Release|Any CPU.ActiveCfg = Release|Any CPU
		{06CB5A3E-A512-4985-B0EB-8C75968C932B}.Release|Any CPU.Build.0 = Release|Any CPU
		{182EA2B9-BFD3-431A-AC84-A506B39B07C8}.Debug|Any CPU.ActiveCfg = Debug|Any CPU
		{182EA2B9-BFD3-431A-AC84-A506B39B07C8}.Debug|Any CPU.Build.0 = Debug|Any CPU
		{182EA2B9-BFD3-431A-AC84-A506B39B07C8}.Release|Any CPU.ActiveCfg = Release|Any CPU
		{182EA2B9-BFD3-431A-AC84-A506B39B07C8}.Release|Any CPU.Build.0 = Release|Any CPU
		{5B5462DD-5E04-45F4-855E-03A419E604B3}.Debug|Any CPU.ActiveCfg = Debug|Any CPU
		{5B5462DD-5E04-45F4-855E-03A419E604B3}.Debug|Any CPU.Build.0 = Debug|Any CPU
		{5B5462DD-5E04-45F4-855E-03A419E604B3}.Release|Any CPU.ActiveCfg = Release|Any CPU
		{5B5462DD-5E04-45F4-855E-03A419E604B3}.Release|Any CPU.Build.0 = Release|Any CPU
	EndGlobalSection
	GlobalSection(SolutionProperties) = preSolution
		HideSolutionNode = FALSE
	EndGlobalSection
EndGlobal
